{
  "name": "chrome-aws-lambda-layer",
  "version": "0.0.0",
  "lockfileVersion": 1,
  "requires": true,
  "dependencies": {
    "chrome-aws-lambda": {
      "version": "10.1.0",
      "resolved": "https://registry.npmjs.org/chrome-aws-lambda/-/chrome-aws-lambda-10.1.0.tgz",
      "integrity": "sha512-NZQVf+J4kqG4sVhRm3WNmOfzY0OtTSm+S8rg77pwePa9RCYHzhnzRs8YvNI6L9tALIW6RpmefWiPURt3vURXcw==",
      "requires": {
        "lambdafs": "^2.0.3"
      }
    },
    "lambdafs": {
      "version": "2.1.1",
      "resolved": "https://registry.npmjs.org/lambdafs/-/lambdafs-2.1.1.tgz",
      "integrity": "sha512-x5k8JcoJWkWLvCVBzrl4pzvkEHSgSBqFjg3Dpsc4AcTMq7oUMym4cL/gRTZ6VM4mUMY+M0dIbQ+V1c1tsqqanQ==",
      "requires": {
        "tar-fs": "^2.1.1"
      },
      "dependencies": {
        "base64-js": {
          "version": "1.5.1",
          "bundled": true
        },
        "bl": {
          "version": "4.1.0",
          "bundled": true,
          "requires": {
            "buffer": "^5.5.0",
            "inherits": "^2.0.4",
            "readable-stream": "^3.4.0"
          },
          "dependencies": {
            "readable-stream": {
              "version": "3.6.0",
              "bundled": true,
              "requires": {
                "inherits": "^2.0.3",
                "string_decoder": "^1.1.1",
                "util-deprecate": "^1.0.1"
              }
            }
          }
        },
        "buffer": {
          "version": "5.7.1",
          "bundled": true,
          "requires": {
            "base64-js": "^1.3.1",
            "ieee754": "^1.1.13"
          }
        },
        "chownr": {
          "version": "1.1.4",
          "bundled": true
        },
        "end-of-stream": {
          "version": "1.4.4",
          "bundled": true,
          "requires": {
            "once": "^1.4.0"
          }
        },
        "fs-constants": {
          "version": "1.0.0",
          "bundled": true
        },
        "ieee754": {
          "version": "1.2.1",
          "bundled": true
        },
        "inherits": {
          "version": "2.0.4",
          "bundled": true
        },
        "mkdirp-classic": {
          "version": "0.5.3",
          "bundled": true
        },
        "once": {
          "version": "1.4.0",
          "bundled": true,
          "requires": {
            "wrappy": "1"
          }
        },
        "pump": {
          "version": "3.0.0",
          "bundled": true,
          "requires": {
            "end-of-stream": "^1.1.0",
            "once": "^1.3.1"
          }
        },
        "string_decoder": {
          "version": "1.1.1",
          "bundled": true,
          "requires": {
            "safe-buffer": "~5.1.0"
          },
          "dependencies": {
            "safe-buffer": {
              "version": "5.1.2",
              "bundled": true
            }
          }
        },
        "tar-fs": {
          "version": "2.1.1",
          "bundled": true,
          "requires": {
            "chownr": "^1.1.1",
            "mkdirp-classic": "^0.5.2",
            "pump": "^3.0.0",
            "tar-stream": "^2.1.4"
          }
        },
        "tar-stream": {
          "version": "2.2.0",
          "bundled": true,
          "requires": {
            "bl": "^4.0.3",
            "end-of-stream": "^1.4.1",
            "fs-constants": "^1.0.0",
            "inherits": "^2.0.3",
            "readable-stream": "^3.1.1"
          },
          "dependencies": {
            "readable-stream": {
              "version": "3.6.0",
              "bundled": true,
              "requires": {
                "inherits": "^2.0.3",
                "string_decoder": "^1.1.1",
                "util-deprecate": "^1.0.1"
              }
            }
          }
        },
        "util-deprecate": {
          "version": "1.0.2",
          "bundled": true
        },
        "wrappy": {
          "version": "1.0.2",
          "bundled": true
        }
      }
    }
  }
}
